
Microsoft Visual Studio Solution File, Format Version 12.00
# Visual Studio Version 17
VisualStudioVersion = 17.0.31903.59
MinimumVisualStudioVersion = 10.0.40219.1
Project("{FAE04EC0-301F-11D3-BF4B-00C04F79EFBC}") = "tests", "tests\tests.csproj", "{C531F683-03CF-41E6-8391-DC9D736C1C12}"
EndProject
Project("{2150E333-8FDC-42A3-9474-1A3956D46DE8}") = "GithubPagesFiles", "GithubPagesFiles", "{49F5FEC1-C735-4333-8C1C-F7FAAF72F7DE}"
	ProjectSection(SolutionItems) = preProject
		.gitignore = .gitignore
		index.html = index.html
		package-lock.json = package-lock.json
		package.json = package.json
		README.md = README.md
		scripts.js = scripts.js
		styles.css = styles.css
	EndProjectSection
EndProject
Global
	GlobalSection(SolutionConfigurationPlatforms) = preSolution
		Debug|Any CPU = Debug|Any CPU
		Release|Any CPU = Release|Any CPU
	EndGlobalSection
	GlobalSection(ProjectConfigurationPlatforms) = postSolution
		{C531F683-03CF-41E6-8391-DC9D736C1C12}.Debug|Any CPU.ActiveCfg = Debug|Any CPU
		{C531F683-03CF-41E6-8391-DC9D736C1C12}.Debug|Any CPU.Build.0 = Debug|Any CPU
		{C531F683-03CF-41E6-8391-DC9D736C1C12}.Release|Any CPU.ActiveCfg = Release|Any CPU
		{C531F683-03CF-41E6-8391-DC9D736C1C12}.Release|Any CPU.Build.0 = Release|Any CPU
	EndGlobalSection
	GlobalSection(SolutionProperties) = preSolution
		HideSolutionNode = FALSE
	EndGlobalSection
EndGlobal
